{
  "requires": true,
  "lockfileVersion": 1,
  "dependencies": {
    "@heroicons/react": {
      "version": "2.0.18",
      "resolved": "https://registry.npmjs.org/@heroicons/react/-/react-2.0.18.tgz",
      "integrity": "sha512-7TyMjRrZZMBPa+/5Y8lN0iyvUU/01PeMGX2+RE7cQWpEUIcb4QotzUObFkJDejj/HUH4qjP/eQ0gzzKs2f+6Yw=="
    }
  }
}
